
Microsoft Visual Studio Solution File, Format Version 12.00
# Visual Studio 14
VisualStudioVersion = 14.0.25420.1
MinimumVisualStudioVersion = 10.0.40219.1
Project("{2150E333-8FDC-42A3-9474-1A3956D46DE8}") = "src", "src", "{B41D2650-1488-47E8-82F9-2375AA2EC433}"
EndProject
Project("{2150E333-8FDC-42A3-9474-1A3956D46DE8}") = "Solution Items", "Solution Items", "{BB115886-49A9-419C-8068-40D5E4201CF4}"
	ProjectSection(SolutionItems) = preProject
		global.json = global.json
	EndProjectSection
EndProject
Project("{8BB2217D-0F2D-49D1-97BC-3654ED321F3B}") = "InstaCrafter.Tests", "src\InstaCrafter.Tests\InstaCrafter.Tests.xproj", "{0A5F967D-6068-4FA5-B8A5-55C4C38F648F}"
EndProject
Project("{8BB2217D-0F2D-49D1-97BC-3654ED321F3B}") = "InstaCrafter.DataStore", "src\InstaCrafter.DataStore\InstaCrafter.DataStore.xproj", "{575B5AE7-5DC6-443F-8717-A44C8934797F}"
EndProject
Project("{8BB2217D-0F2D-49D1-97BC-3654ED321F3B}") = "InstaCrafter.Web", "src\InstaCrafter.Web\InstaCrafter.Web.xproj", "{3C364101-4F14-4FC6-9A10-5BE8771A7E82}"
EndProject
Project("{FAE04EC0-301F-11D3-BF4B-00C04F79EFBC}") = "InstaCrafter.Core", "src\InstaCrafter.Core\InstaCrafter.Core.csproj", "{8D3850F2-76A7-4D33-91F5-AD8ADE42836D}"
EndProject
Project("{8BB2217D-0F2D-49D1-97BC-3654ED321F3B}") = "InstaCrafter.Console", "src\InstaCrafter.Console\InstaCrafter.Console.xproj", "{07B9E323-A572-4E1E-94EE-8BE2E9C650DB}"
EndProject
Project("{8BB2217D-0F2D-49D1-97BC-3654ED321F3B}") = "InstaCrafter.Classes", "src\InstaCrafter.Classes\InstaCrafter.Classes.xproj", "{6DE6252D-DD72-4B41-AA19-88B8C03459DD}"
EndProject
Global
	GlobalSection(SolutionConfigurationPlatforms) = preSolution
		Debug|Any CPU = Debug|Any CPU
		Release|Any CPU = Release|Any CPU
	EndGlobalSection
	GlobalSection(ProjectConfigurationPlatforms) = postSolution
		{0A5F967D-6068-4FA5-B8A5-55C4C38F648F}.Debug|Any CPU.ActiveCfg = Debug|Any CPU
		{0A5F967D-6068-4FA5-B8A5-55C4C38F648F}.Debug|Any CPU.Build.0 = Debug|Any CPU
		{0A5F967D-6068-4FA5-B8A5-55C4C38F648F}.Release|Any CPU.ActiveCfg = Release|Any CPU
		{0A5F967D-6068-4FA5-B8A5-55C4C38F648F}.Release|Any CPU.Build.0 = Release|Any CPU
		{575B5AE7-5DC6-443F-8717-A44C8934797F}.Debug|Any CPU.ActiveCfg = Debug|Any CPU
		{575B5AE7-5DC6-443F-8717-A44C8934797F}.Debug|Any CPU.Build.0 = Debug|Any CPU
		{575B5AE7-5DC6-443F-8717-A44C8934797F}.Release|Any CPU.ActiveCfg = Release|Any CPU
		{575B5AE7-5DC6-443F-8717-A44C8934797F}.Release|Any CPU.Build.0 = Release|Any CPU
		{3C364101-4F14-4FC6-9A10-5BE8771A7E82}.Debug|Any CPU.ActiveCfg = Debug|Any CPU
		{3C364101-4F14-4FC6-9A10-5BE8771A7E82}.Debug|Any CPU.Build.0 = Debug|Any CPU
		{3C364101-4F14-4FC6-9A10-5BE8771A7E82}.Release|Any CPU.ActiveCfg = Release|Any CPU
		{3C364101-4F14-4FC6-9A10-5BE8771A7E82}.Release|Any CPU.Build.0 = Release|Any CPU
		{8D3850F2-76A7-4D33-91F5-AD8ADE42836D}.Debug|Any CPU.ActiveCfg = Debug|Any CPU
		{8D3850F2-76A7-4D33-91F5-AD8ADE42836D}.Debug|Any CPU.Build.0 = Debug|Any CPU
		{8D3850F2-76A7-4D33-91F5-AD8ADE42836D}.Release|Any CPU.ActiveCfg = Release|Any CPU
		{8D3850F2-76A7-4D33-91F5-AD8ADE42836D}.Release|Any CPU.Build.0 = Release|Any CPU
		{07B9E323-A572-4E1E-94EE-8BE2E9C650DB}.Debug|Any CPU.ActiveCfg = Debug|Any CPU
		{07B9E323-A572-4E1E-94EE-8BE2E9C650DB}.Debug|Any CPU.Build.0 = Debug|Any CPU
		{07B9E323-A572-4E1E-94EE-8BE2E9C650DB}.Release|Any CPU.ActiveCfg = Release|Any CPU
		{07B9E323-A572-4E1E-94EE-8BE2E9C650DB}.Release|Any CPU.Build.0 = Release|Any CPU
		{6DE6252D-DD72-4B41-AA19-88B8C03459DD}.Debug|Any CPU.ActiveCfg = Debug|Any CPU
		{6DE6252D-DD72-4B41-AA19-88B8C03459DD}.Debug|Any CPU.Build.0 = Debug|Any CPU
		{6DE6252D-DD72-4B41-AA19-88B8C03459DD}.Release|Any CPU.ActiveCfg = Release|Any CPU
		{6DE6252D-DD72-4B41-AA19-88B8C03459DD}.Release|Any CPU.Build.0 = Release|Any CPU
	EndGlobalSection
	GlobalSection(SolutionProperties) = preSolution
		HideSolutionNode = FALSE
	EndGlobalSection
	GlobalSection(NestedProjects) = preSolution
		{0A5F967D-6068-4FA5-B8A5-55C4C38F648F} = {B41D2650-1488-47E8-82F9-2375AA2EC433}
		{575B5AE7-5DC6-443F-8717-A44C8934797F} = {B41D2650-1488-47E8-82F9-2375AA2EC433}
		{3C364101-4F14-4FC6-9A10-5BE8771A7E82} = {B41D2650-1488-47E8-82F9-2375AA2EC433}
		{8D3850F2-76A7-4D33-91F5-AD8ADE42836D} = {B41D2650-1488-47E8-82F9-2375AA2EC433}
		{07B9E323-A572-4E1E-94EE-8BE2E9C650DB} = {B41D2650-1488-47E8-82F9-2375AA2EC433}
		{6DE6252D-DD72-4B41-AA19-88B8C03459DD} = {B41D2650-1488-47E8-82F9-2375AA2EC433}
	EndGlobalSection
EndGlobal
