
Microsoft Visual Studio Solution File, Format Version 12.00
# Visual Studio 14
VisualStudioVersion = 14.0.25420.1
MinimumVisualStudioVersion = 10.0.40219.1
Project("{2150E333-8FDC-42A3-9474-1A3956D46DE8}") = "src", "src", "{B41D2650-1488-47E8-82F9-2375AA2EC433}"
EndProject
Project("{2150E333-8FDC-42A3-9474-1A3956D46DE8}") = "Solution Items", "Solution Items", "{BB115886-49A9-419C-8068-40D5E4201CF4}"
	ProjectSection(SolutionItems) = preProject
		global.json = global.json
	EndProjectSection
EndProject
Project("{8BB2217D-0F2D-49D1-97BC-3654ED321F3B}") = "InstaCrafter.DataStore", "src\InstaCrafter\InstaCrafter.DataStore.xproj", "{575B5AE7-5DC6-443F-8717-A44C8934797F}"
EndProject
Project("{8BB2217D-0F2D-49D1-97BC-3654ED321F3B}") = "InstaCrafter.Classes", "src\InstaCrafter.Classes\InstaCrafter.Classes.xproj", "{6DE6252D-DD72-4B41-AA19-88B8C03459DD}"
EndProject
Project("{8BB2217D-0F2D-49D1-97BC-3654ED321F3B}") = "InstaCrafter.Core", "InstaCrafter.Core\InstaCrafter.Core.xproj", "{E7364A94-68F1-4DE5-B307-A33A42638F9D}"
EndProject
Project("{8BB2217D-0F2D-49D1-97BC-3654ED321F3B}") = "InstaCrafter.Tests", "src\InstaCrafter.Tests\InstaCrafter.Tests.xproj", "{0A5F967D-6068-4FA5-B8A5-55C4C38F648F}"
EndProject
Global
	GlobalSection(SolutionConfigurationPlatforms) = preSolution
		Debug|Any CPU = Debug|Any CPU
		Release|Any CPU = Release|Any CPU
	EndGlobalSection
	GlobalSection(ProjectConfigurationPlatforms) = postSolution
		{575B5AE7-5DC6-443F-8717-A44C8934797F}.Debug|Any CPU.ActiveCfg = Debug|Any CPU
		{575B5AE7-5DC6-443F-8717-A44C8934797F}.Debug|Any CPU.Build.0 = Debug|Any CPU
		{575B5AE7-5DC6-443F-8717-A44C8934797F}.Release|Any CPU.ActiveCfg = Release|Any CPU
		{575B5AE7-5DC6-443F-8717-A44C8934797F}.Release|Any CPU.Build.0 = Release|Any CPU
		{6DE6252D-DD72-4B41-AA19-88B8C03459DD}.Debug|Any CPU.ActiveCfg = Debug|Any CPU
		{6DE6252D-DD72-4B41-AA19-88B8C03459DD}.Debug|Any CPU.Build.0 = Debug|Any CPU
		{6DE6252D-DD72-4B41-AA19-88B8C03459DD}.Release|Any CPU.ActiveCfg = Release|Any CPU
		{6DE6252D-DD72-4B41-AA19-88B8C03459DD}.Release|Any CPU.Build.0 = Release|Any CPU
		{E7364A94-68F1-4DE5-B307-A33A42638F9D}.Debug|Any CPU.ActiveCfg = Debug|Any CPU
		{E7364A94-68F1-4DE5-B307-A33A42638F9D}.Debug|Any CPU.Build.0 = Debug|Any CPU
		{E7364A94-68F1-4DE5-B307-A33A42638F9D}.Release|Any CPU.ActiveCfg = Release|Any CPU
		{E7364A94-68F1-4DE5-B307-A33A42638F9D}.Release|Any CPU.Build.0 = Release|Any CPU
		{0A5F967D-6068-4FA5-B8A5-55C4C38F648F}.Debug|Any CPU.ActiveCfg = Debug|Any CPU
		{0A5F967D-6068-4FA5-B8A5-55C4C38F648F}.Debug|Any CPU.Build.0 = Debug|Any CPU
		{0A5F967D-6068-4FA5-B8A5-55C4C38F648F}.Release|Any CPU.ActiveCfg = Release|Any CPU
		{0A5F967D-6068-4FA5-B8A5-55C4C38F648F}.Release|Any CPU.Build.0 = Release|Any CPU
	EndGlobalSection
	GlobalSection(SolutionProperties) = preSolution
		HideSolutionNode = FALSE
	EndGlobalSection
	GlobalSection(NestedProjects) = preSolution
		{575B5AE7-5DC6-443F-8717-A44C8934797F} = {B41D2650-1488-47E8-82F9-2375AA2EC433}
		{6DE6252D-DD72-4B41-AA19-88B8C03459DD} = {B41D2650-1488-47E8-82F9-2375AA2EC433}
		{E7364A94-68F1-4DE5-B307-A33A42638F9D} = {B41D2650-1488-47E8-82F9-2375AA2EC433}
		{0A5F967D-6068-4FA5-B8A5-55C4C38F648F} = {B41D2650-1488-47E8-82F9-2375AA2EC433}
	EndGlobalSection
EndGlobal
