
Microsoft Visual Studio Solution File, Format Version 12.00
# Visual Studio 15
VisualStudioVersion = 15.0.26730.10
MinimumVisualStudioVersion = 10.0.40219.1
Project("{2150E333-8FDC-42A3-9474-1A3956D46DE8}") = "src", "src", "{B41D2650-1488-47E8-82F9-2375AA2EC433}"
EndProject
Project("{2150E333-8FDC-42A3-9474-1A3956D46DE8}") = "Solution Items", "Solution Items", "{BB115886-49A9-419C-8068-40D5E4201CF4}"
EndProject
Project("{9A19103F-16F7-4668-BE54-9A1E7A4F7556}") = "InstaCrafter.DataAccess", "src\InstaCrafter.Classes\InstaCrafter.DataAccess.csproj", "{6DE6252D-DD72-4B41-AA19-88B8C03459DD}"
EndProject
Project("{9A19103F-16F7-4668-BE54-9A1E7A4F7556}") = "InstaCrafter.Tests", "src\InstaCrafter.Tests\InstaCrafter.Tests.csproj", "{0A5F967D-6068-4FA5-B8A5-55C4C38F648F}"
EndProject
Project("{9A19103F-16F7-4668-BE54-9A1E7A4F7556}") = "InstaCrafter.DataStore", "src\InstaCrafter.DataStore\InstaCrafter.DataStore.csproj", "{575B5AE7-5DC6-443F-8717-A44C8934797F}"
EndProject
Project("{9A19103F-16F7-4668-BE54-9A1E7A4F7556}") = "InstaCrafter.Web", "src\InstaCrafter.Web\InstaCrafter.Web.csproj", "{E1C126E0-0468-4F39-8E60-7469973AAEC5}"
EndProject
Global
	GlobalSection(SolutionConfigurationPlatforms) = preSolution
		Debug|Any CPU = Debug|Any CPU
		Release|Any CPU = Release|Any CPU
	EndGlobalSection
	GlobalSection(ProjectConfigurationPlatforms) = postSolution
		{6DE6252D-DD72-4B41-AA19-88B8C03459DD}.Debug|Any CPU.ActiveCfg = Debug|Any CPU
		{6DE6252D-DD72-4B41-AA19-88B8C03459DD}.Debug|Any CPU.Build.0 = Debug|Any CPU
		{6DE6252D-DD72-4B41-AA19-88B8C03459DD}.Release|Any CPU.ActiveCfg = Release|Any CPU
		{6DE6252D-DD72-4B41-AA19-88B8C03459DD}.Release|Any CPU.Build.0 = Release|Any CPU
		{0A5F967D-6068-4FA5-B8A5-55C4C38F648F}.Debug|Any CPU.ActiveCfg = Debug|Any CPU
		{0A5F967D-6068-4FA5-B8A5-55C4C38F648F}.Debug|Any CPU.Build.0 = Debug|Any CPU
		{0A5F967D-6068-4FA5-B8A5-55C4C38F648F}.Release|Any CPU.ActiveCfg = Release|Any CPU
		{0A5F967D-6068-4FA5-B8A5-55C4C38F648F}.Release|Any CPU.Build.0 = Release|Any CPU
		{575B5AE7-5DC6-443F-8717-A44C8934797F}.Debug|Any CPU.ActiveCfg = Debug|Any CPU
		{575B5AE7-5DC6-443F-8717-A44C8934797F}.Debug|Any CPU.Build.0 = Debug|Any CPU
		{575B5AE7-5DC6-443F-8717-A44C8934797F}.Release|Any CPU.ActiveCfg = Release|Any CPU
		{575B5AE7-5DC6-443F-8717-A44C8934797F}.Release|Any CPU.Build.0 = Release|Any CPU
		{E1C126E0-0468-4F39-8E60-7469973AAEC5}.Debug|Any CPU.ActiveCfg = Debug|Any CPU
		{E1C126E0-0468-4F39-8E60-7469973AAEC5}.Debug|Any CPU.Build.0 = Debug|Any CPU
		{E1C126E0-0468-4F39-8E60-7469973AAEC5}.Release|Any CPU.ActiveCfg = Release|Any CPU
		{E1C126E0-0468-4F39-8E60-7469973AAEC5}.Release|Any CPU.Build.0 = Release|Any CPU
	EndGlobalSection
	GlobalSection(SolutionProperties) = preSolution
		HideSolutionNode = FALSE
	EndGlobalSection
	GlobalSection(NestedProjects) = preSolution
		{6DE6252D-DD72-4B41-AA19-88B8C03459DD} = {B41D2650-1488-47E8-82F9-2375AA2EC433}
		{0A5F967D-6068-4FA5-B8A5-55C4C38F648F} = {B41D2650-1488-47E8-82F9-2375AA2EC433}
		{575B5AE7-5DC6-443F-8717-A44C8934797F} = {B41D2650-1488-47E8-82F9-2375AA2EC433}
		{E1C126E0-0468-4F39-8E60-7469973AAEC5} = {B41D2650-1488-47E8-82F9-2375AA2EC433}
	EndGlobalSection
	GlobalSection(ExtensibilityGlobals) = postSolution
		SolutionGuid = {9C7D76D8-1F8E-41A1-93AC-D822B1F03484}
	EndGlobalSection
EndGlobal
