
Microsoft Visual Studio Solution File, Format Version 12.00
Project("{FAE04EC0-301F-11D3-BF4B-00C04F79EFBC}") = "InstaCrafter.Desktop", "clients\InstaCrafter.Desktop\InstaCrafter.Desktop.csproj", "{74C76509-3C45-4F65-ABC4-CDC6FBFE9D73}"
EndProject
Project("{2150E333-8FDC-42A3-9474-1A3956D46DE8}") = "clients", "clients", "{3A1CD1CE-643E-448B-BB31-F52B563ADB33}"
EndProject
Global
	GlobalSection(SolutionConfigurationPlatforms) = preSolution
		Debug|Any CPU = Debug|Any CPU
		Release|Any CPU = Release|Any CPU
	EndGlobalSection
	GlobalSection(ProjectConfigurationPlatforms) = postSolution
		{74C76509-3C45-4F65-ABC4-CDC6FBFE9D73}.Debug|Any CPU.ActiveCfg = Debug|Any CPU
		{74C76509-3C45-4F65-ABC4-CDC6FBFE9D73}.Debug|Any CPU.Build.0 = Debug|Any CPU
		{74C76509-3C45-4F65-ABC4-CDC6FBFE9D73}.Release|Any CPU.ActiveCfg = Release|Any CPU
		{74C76509-3C45-4F65-ABC4-CDC6FBFE9D73}.Release|Any CPU.Build.0 = Release|Any CPU
	EndGlobalSection
	GlobalSection(NestedProjects) = preSolution
		{74C76509-3C45-4F65-ABC4-CDC6FBFE9D73} = {3A1CD1CE-643E-448B-BB31-F52B563ADB33}
	EndGlobalSection
EndGlobal
