
Microsoft Visual Studio Solution File, Format Version 12.00
Project("{2150E333-8FDC-42A3-9474-1A3956D46DE8}") = "infrastructure", "infrastructure", "{EE84CAAE-5493-4F54-83CE-3D92FD0C3961}"
ProjectSection(SolutionItems) = preProject
	..\.github\workflows\dotnet.yml = ..\.github\workflows\dotnet.yml
	..\.gitlab-ci.yml = ..\.gitlab-ci.yml
	..\README.md = ..\README.md
	..\.gitignore = ..\.gitignore
	docker-compose.yml = docker-compose.yml
EndProjectSection
EndProject
Project("{2150E333-8FDC-42A3-9474-1A3956D46DE8}") = "common", "common", "{DB3FC42C-3AB8-4B36-8C01-B16C264F1278}"
EndProject
Project("{2150E333-8FDC-42A3-9474-1A3956D46DE8}") = "services", "services", "{E7557D15-D189-45A7-A401-4EAC25BA6A49}"
EndProject
Project("{FAE04EC0-301F-11D3-BF4B-00C04F79EFBC}") = "InstaCrafter.Extensions", "common\InstaCrafter.Extensions\InstaCrafter.Extensions.csproj", "{35866F6C-51DB-44AC-B20C-7690DFF46CE9}"
EndProject
Project("{2150E333-8FDC-42A3-9474-1A3956D46DE8}") = "tests", "tests", "{A93B4461-DB5B-46C7-ACE0-76B234D58E2D}"
EndProject
Project("{FAE04EC0-301F-11D3-BF4B-00C04F79EFBC}") = "InstaCrafter.Extensions.Tests", "tests\InstaCrafter.Extensions.Tests\InstaCrafter.Extensions.Tests.csproj", "{E8A51B00-A325-4623-A557-CF8CE11E6D00}"
EndProject
Project("{FAE04EC0-301F-11D3-BF4B-00C04F79EFBC}") = "InstaCrafter.Classes", "common\InstaCrafter.Classes\InstaCrafter.Classes.csproj", "{788F390C-C0E1-4FC1-926E-187B52E09A88}"
EndProject
Project("{2150E333-8FDC-42A3-9474-1A3956D46DE8}") = "crafter", "crafter", "{5084CD3D-24CD-4A60-AAB1-6FEF964F4026}"
EndProject
Project("{FAE04EC0-301F-11D3-BF4B-00C04F79EFBC}") = "InstaCrafter.Media", "crafter\InstaCrafter.Media\InstaCrafter.Media.csproj", "{1A392E8C-AECC-499A-ACC2-1019152A3836}"
EndProject
Project("{FAE04EC0-301F-11D3-BF4B-00C04F79EFBC}") = "InstaCrafter.EventBus", "common\InstaCrafter.EventBus\InstaCrafter.EventBus.csproj", "{D4942C48-D08E-4CAD-8255-329DB9028EA3}"
EndProject
Project("{FAE04EC0-301F-11D3-BF4B-00C04F79EFBC}") = "InstaCrafter.API", "services\InstaCrafter.API\InstaCrafter.API.csproj", "{B89EC461-3D7D-4161-85D1-641A1A1D6578}"
EndProject
Project("{FAE04EC0-301F-11D3-BF4B-00C04F79EFBC}") = "InstaCrafter.Core", "common\InstaCrafter.Core\InstaCrafter.Core.csproj", "{C4E668D3-BF19-495F-B457-B28276F1D045}"
EndProject
Project("{FAE04EC0-301F-11D3-BF4B-00C04F79EFBC}") = "InstaCrafter.Infrastructure", "common\InstaCrafter.Infrastructure\InstaCrafter.Infrastructure.csproj", "{1C3F5E81-1074-4596-826A-C96E3C6DF11A}"
EndProject
Project("{FAE04EC0-301F-11D3-BF4B-00C04F79EFBC}") = "InstaCrafter.Identity", "services\InstaCrafter.Identity\InstaCrafter.Identity.csproj", "{B9C11749-F914-403E-BA4F-0FF15D44B3E5}"
EndProject
Project("{2150E333-8FDC-42A3-9474-1A3956D46DE8}") = "deploy-scripts", "deploy-scripts", "{0A4A43FC-0A71-4A63-B1C9-90B768AF3DD3}"
ProjectSection(SolutionItems) = preProject
	deploy-scripts\instacrafter-namespace.yaml = deploy-scripts\instacrafter-namespace.yaml
EndProjectSection
EndProject
Global
	GlobalSection(SolutionConfigurationPlatforms) = preSolution
		Debug|Any CPU = Debug|Any CPU
		Release|Any CPU = Release|Any CPU
	EndGlobalSection
	GlobalSection(ProjectConfigurationPlatforms) = postSolution
		{35866F6C-51DB-44AC-B20C-7690DFF46CE9}.Debug|Any CPU.ActiveCfg = Debug|Any CPU
		{35866F6C-51DB-44AC-B20C-7690DFF46CE9}.Debug|Any CPU.Build.0 = Debug|Any CPU
		{35866F6C-51DB-44AC-B20C-7690DFF46CE9}.Release|Any CPU.ActiveCfg = Release|Any CPU
		{35866F6C-51DB-44AC-B20C-7690DFF46CE9}.Release|Any CPU.Build.0 = Release|Any CPU
		{E8A51B00-A325-4623-A557-CF8CE11E6D00}.Debug|Any CPU.ActiveCfg = Debug|Any CPU
		{E8A51B00-A325-4623-A557-CF8CE11E6D00}.Debug|Any CPU.Build.0 = Debug|Any CPU
		{E8A51B00-A325-4623-A557-CF8CE11E6D00}.Release|Any CPU.ActiveCfg = Release|Any CPU
		{E8A51B00-A325-4623-A557-CF8CE11E6D00}.Release|Any CPU.Build.0 = Release|Any CPU
		{788F390C-C0E1-4FC1-926E-187B52E09A88}.Debug|Any CPU.ActiveCfg = Debug|Any CPU
		{788F390C-C0E1-4FC1-926E-187B52E09A88}.Debug|Any CPU.Build.0 = Debug|Any CPU
		{788F390C-C0E1-4FC1-926E-187B52E09A88}.Release|Any CPU.ActiveCfg = Release|Any CPU
		{788F390C-C0E1-4FC1-926E-187B52E09A88}.Release|Any CPU.Build.0 = Release|Any CPU
		{1A392E8C-AECC-499A-ACC2-1019152A3836}.Debug|Any CPU.ActiveCfg = Debug|Any CPU
		{1A392E8C-AECC-499A-ACC2-1019152A3836}.Debug|Any CPU.Build.0 = Debug|Any CPU
		{1A392E8C-AECC-499A-ACC2-1019152A3836}.Release|Any CPU.ActiveCfg = Release|Any CPU
		{1A392E8C-AECC-499A-ACC2-1019152A3836}.Release|Any CPU.Build.0 = Release|Any CPU
		{D4942C48-D08E-4CAD-8255-329DB9028EA3}.Debug|Any CPU.ActiveCfg = Debug|Any CPU
		{D4942C48-D08E-4CAD-8255-329DB9028EA3}.Debug|Any CPU.Build.0 = Debug|Any CPU
		{D4942C48-D08E-4CAD-8255-329DB9028EA3}.Release|Any CPU.ActiveCfg = Release|Any CPU
		{D4942C48-D08E-4CAD-8255-329DB9028EA3}.Release|Any CPU.Build.0 = Release|Any CPU
		{B89EC461-3D7D-4161-85D1-641A1A1D6578}.Debug|Any CPU.ActiveCfg = Debug|Any CPU
		{B89EC461-3D7D-4161-85D1-641A1A1D6578}.Debug|Any CPU.Build.0 = Debug|Any CPU
		{B89EC461-3D7D-4161-85D1-641A1A1D6578}.Release|Any CPU.ActiveCfg = Release|Any CPU
		{B89EC461-3D7D-4161-85D1-641A1A1D6578}.Release|Any CPU.Build.0 = Release|Any CPU
		{C4E668D3-BF19-495F-B457-B28276F1D045}.Debug|Any CPU.ActiveCfg = Debug|Any CPU
		{C4E668D3-BF19-495F-B457-B28276F1D045}.Debug|Any CPU.Build.0 = Debug|Any CPU
		{C4E668D3-BF19-495F-B457-B28276F1D045}.Release|Any CPU.ActiveCfg = Release|Any CPU
		{C4E668D3-BF19-495F-B457-B28276F1D045}.Release|Any CPU.Build.0 = Release|Any CPU
		{1C3F5E81-1074-4596-826A-C96E3C6DF11A}.Debug|Any CPU.ActiveCfg = Debug|Any CPU
		{1C3F5E81-1074-4596-826A-C96E3C6DF11A}.Debug|Any CPU.Build.0 = Debug|Any CPU
		{1C3F5E81-1074-4596-826A-C96E3C6DF11A}.Release|Any CPU.ActiveCfg = Release|Any CPU
		{1C3F5E81-1074-4596-826A-C96E3C6DF11A}.Release|Any CPU.Build.0 = Release|Any CPU
		{B9C11749-F914-403E-BA4F-0FF15D44B3E5}.Debug|Any CPU.ActiveCfg = Debug|Any CPU
		{B9C11749-F914-403E-BA4F-0FF15D44B3E5}.Debug|Any CPU.Build.0 = Debug|Any CPU
		{B9C11749-F914-403E-BA4F-0FF15D44B3E5}.Release|Any CPU.ActiveCfg = Release|Any CPU
		{B9C11749-F914-403E-BA4F-0FF15D44B3E5}.Release|Any CPU.Build.0 = Release|Any CPU
	EndGlobalSection
	GlobalSection(NestedProjects) = preSolution
		{35866F6C-51DB-44AC-B20C-7690DFF46CE9} = {DB3FC42C-3AB8-4B36-8C01-B16C264F1278}
		{E8A51B00-A325-4623-A557-CF8CE11E6D00} = {A93B4461-DB5B-46C7-ACE0-76B234D58E2D}
		{788F390C-C0E1-4FC1-926E-187B52E09A88} = {DB3FC42C-3AB8-4B36-8C01-B16C264F1278}
		{1A392E8C-AECC-499A-ACC2-1019152A3836} = {5084CD3D-24CD-4A60-AAB1-6FEF964F4026}
		{D4942C48-D08E-4CAD-8255-329DB9028EA3} = {DB3FC42C-3AB8-4B36-8C01-B16C264F1278}
		{B89EC461-3D7D-4161-85D1-641A1A1D6578} = {E7557D15-D189-45A7-A401-4EAC25BA6A49}
		{C4E668D3-BF19-495F-B457-B28276F1D045} = {DB3FC42C-3AB8-4B36-8C01-B16C264F1278}
		{1C3F5E81-1074-4596-826A-C96E3C6DF11A} = {DB3FC42C-3AB8-4B36-8C01-B16C264F1278}
		{B9C11749-F914-403E-BA4F-0FF15D44B3E5} = {E7557D15-D189-45A7-A401-4EAC25BA6A49}
		{0A4A43FC-0A71-4A63-B1C9-90B768AF3DD3} = {EE84CAAE-5493-4F54-83CE-3D92FD0C3961}
	EndGlobalSection
EndGlobal
