
Microsoft Visual Studio Solution File, Format Version 12.00
Project("{2150E333-8FDC-42A3-9474-1A3956D46DE8}") = "infrastructure", "infrastructure", "{EE84CAAE-5493-4F54-83CE-3D92FD0C3961}"
ProjectSection(SolutionItems) = preProject
	..\.github\workflows\dotnet.yml = ..\.github\workflows\dotnet.yml
	..\.gitlab-ci.yml = ..\.gitlab-ci.yml
	..\README.md = ..\README.md
	..\.gitignore = ..\.gitignore
	..\docker-compose.yml = ..\docker-compose.yml
EndProjectSection
EndProject
Project("{2150E333-8FDC-42A3-9474-1A3956D46DE8}") = "common", "common", "{DB3FC42C-3AB8-4B36-8C01-B16C264F1278}"
EndProject
Project("{2150E333-8FDC-42A3-9474-1A3956D46DE8}") = "services", "services", "{E7557D15-D189-45A7-A401-4EAC25BA6A49}"
EndProject
Project("{FAE04EC0-301F-11D3-BF4B-00C04F79EFBC}") = "InstaCrafter.Extensions", "common\InstaCrafter.Extensions\InstaCrafter.Extensions.csproj", "{35866F6C-51DB-44AC-B20C-7690DFF46CE9}"
EndProject
Project("{2150E333-8FDC-42A3-9474-1A3956D46DE8}") = "tests", "tests", "{A93B4461-DB5B-46C7-ACE0-76B234D58E2D}"
EndProject
Project("{FAE04EC0-301F-11D3-BF4B-00C04F79EFBC}") = "InstaCrafter.Extensions.Tests", "tests\InstaCrafter.Extensions.Tests\InstaCrafter.Extensions.Tests.csproj", "{E8A51B00-A325-4623-A557-CF8CE11E6D00}"
EndProject
Project("{FAE04EC0-301F-11D3-BF4B-00C04F79EFBC}") = "InstaCrafter.Classes", "common\InstaCrafter.Classes\InstaCrafter.Classes.csproj", "{788F390C-C0E1-4FC1-926E-187B52E09A88}"
EndProject
Project("{2150E333-8FDC-42A3-9474-1A3956D46DE8}") = "crafter", "crafter", "{5084CD3D-24CD-4A60-AAB1-6FEF964F4026}"
EndProject
Project("{FAE04EC0-301F-11D3-BF4B-00C04F79EFBC}") = "InstaCrafter.EventBus", "common\InstaCrafter.EventBus\InstaCrafter.EventBus.csproj", "{D4942C48-D08E-4CAD-8255-329DB9028EA3}"
EndProject
Project("{FAE04EC0-301F-11D3-BF4B-00C04F79EFBC}") = "InstaCrafter.Core", "common\InstaCrafter.Core\InstaCrafter.Core.csproj", "{C4E668D3-BF19-495F-B457-B28276F1D045}"
EndProject
Project("{FAE04EC0-301F-11D3-BF4B-00C04F79EFBC}") = "InstaCrafter.Infrastructure", "common\InstaCrafter.Infrastructure\InstaCrafter.Infrastructure.csproj", "{1C3F5E81-1074-4596-826A-C96E3C6DF11A}"
EndProject
Project("{2150E333-8FDC-42A3-9474-1A3956D46DE8}") = "scripts", "scripts", "{CB731C52-81E2-4F13-AB76-E866668DE163}"
EndProject
Project("{2150E333-8FDC-42A3-9474-1A3956D46DE8}") = "deploy", "deploy", "{FCAEF769-2535-4AC7-910A-3B5A0D94B0C7}"
ProjectSection(SolutionItems) = preProject
	..\scripts\deploy\instacrafter-namespace.yaml = ..\scripts\deploy\instacrafter-namespace.yaml
	..\scripts\deploy\instacrafter-deployment.yaml = ..\scripts\deploy\instacrafter-deployment.yaml
	..\scripts\deploy\instacrafter-service.yaml = ..\scripts\deploy\instacrafter-service.yaml
	..\scripts\deploy\instacrafter-ingress.yaml = ..\scripts\deploy\instacrafter-ingress.yaml
EndProjectSection
EndProject
Project("{2150E333-8FDC-42A3-9474-1A3956D46DE8}") = "identity", "identity", "{AD786C0A-CDE6-4F23-BC6B-38AD4D920BEF}"
EndProject
Project("{FAE04EC0-301F-11D3-BF4B-00C04F79EFBC}") = "InstaCrafter.Identity", "services\identity\InstaCrafter.Identity\InstaCrafter.Identity.csproj", "{2F7D87D5-E3A8-4B50-9166-B50F9B322E37}"
EndProject
Project("{2150E333-8FDC-42A3-9474-1A3956D46DE8}") = "tasks", "tasks", "{F39931D5-FD63-447A-9267-1C38F6F4F8CA}"
EndProject
Project("{FAE04EC0-301F-11D3-BF4B-00C04F79EFBC}") = "InstaCrafter.Tasks", "services\tasks\InstaCrafter.Tasks\InstaCrafter.Tasks.csproj", "{7288C794-618E-4B21-9356-5935630A684F}"
EndProject
Project("{FAE04EC0-301F-11D3-BF4B-00C04F79EFBC}") = "InstaCrafter.ApiGateway", "services\InstaCrafter.ApiGateway\InstaCrafter.ApiGateway.csproj", "{2A0243C0-90B2-48EB-A3F8-E7BE5411CE40}"
EndProject
Project("{FAE04EC0-301F-11D3-BF4B-00C04F79EFBC}") = "InstaCrafter.Identity.Core", "services\identity\InstaCrafter.Identity.Core\InstaCrafter.Identity.Core.csproj", "{84576442-4E70-4930-AFF6-D9B05C7169EB}"
EndProject
Project("{FAE04EC0-301F-11D3-BF4B-00C04F79EFBC}") = "InstaCrafter.Identity.Infrastructure", "services\identity\InstaCrafter.Identity.Infrastructure\InstaCrafter.Identity.Infrastructure.csproj", "{7EF44322-96AD-4E93-96BD-858C40F76B2F}"
EndProject
Project("{2150E333-8FDC-42A3-9474-1A3956D46DE8}") = "media", "media", "{886CB722-C738-4E62-A495-12944E4F0FC7}"
EndProject
Project("{2150E333-8FDC-42A3-9474-1A3956D46DE8}") = "accounts", "accounts", "{3F5EA886-2648-421B-8556-6E5D38E3D562}"
EndProject
Project("{FAE04EC0-301F-11D3-BF4B-00C04F79EFBC}") = "InstaCrafter.Accounts", "crafter\accounts\InstaCrafter.Accounts\InstaCrafter.Accounts.csproj", "{1D94203A-FB75-4588-8751-D960B673094A}"
EndProject
Project("{FAE04EC0-301F-11D3-BF4B-00C04F79EFBC}") = "InstaCrafter.Media", "crafter\media\InstaCrafter.Media\InstaCrafter.Media.csproj", "{84CD9CC2-45E8-4DA4-8996-2E2FE14F7449}"
EndProject
Project("{FAE04EC0-301F-11D3-BF4B-00C04F79EFBC}") = "InstaCrafter.Tasks.Core", "services\tasks\InstaCrafter.Tasks.Core\InstaCrafter.Tasks.Core.csproj", "{887C14BE-D878-4AC3-B8E8-679BD90F367D}"
EndProject
Global
	GlobalSection(SolutionConfigurationPlatforms) = preSolution
		Debug|Any CPU = Debug|Any CPU
		Release|Any CPU = Release|Any CPU
	EndGlobalSection
	GlobalSection(ProjectConfigurationPlatforms) = postSolution
		{35866F6C-51DB-44AC-B20C-7690DFF46CE9}.Debug|Any CPU.ActiveCfg = Debug|Any CPU
		{35866F6C-51DB-44AC-B20C-7690DFF46CE9}.Debug|Any CPU.Build.0 = Debug|Any CPU
		{35866F6C-51DB-44AC-B20C-7690DFF46CE9}.Release|Any CPU.ActiveCfg = Release|Any CPU
		{35866F6C-51DB-44AC-B20C-7690DFF46CE9}.Release|Any CPU.Build.0 = Release|Any CPU
		{E8A51B00-A325-4623-A557-CF8CE11E6D00}.Debug|Any CPU.ActiveCfg = Debug|Any CPU
		{E8A51B00-A325-4623-A557-CF8CE11E6D00}.Debug|Any CPU.Build.0 = Debug|Any CPU
		{E8A51B00-A325-4623-A557-CF8CE11E6D00}.Release|Any CPU.ActiveCfg = Release|Any CPU
		{E8A51B00-A325-4623-A557-CF8CE11E6D00}.Release|Any CPU.Build.0 = Release|Any CPU
		{788F390C-C0E1-4FC1-926E-187B52E09A88}.Debug|Any CPU.ActiveCfg = Debug|Any CPU
		{788F390C-C0E1-4FC1-926E-187B52E09A88}.Debug|Any CPU.Build.0 = Debug|Any CPU
		{788F390C-C0E1-4FC1-926E-187B52E09A88}.Release|Any CPU.ActiveCfg = Release|Any CPU
		{788F390C-C0E1-4FC1-926E-187B52E09A88}.Release|Any CPU.Build.0 = Release|Any CPU
		{D4942C48-D08E-4CAD-8255-329DB9028EA3}.Debug|Any CPU.ActiveCfg = Debug|Any CPU
		{D4942C48-D08E-4CAD-8255-329DB9028EA3}.Debug|Any CPU.Build.0 = Debug|Any CPU
		{D4942C48-D08E-4CAD-8255-329DB9028EA3}.Release|Any CPU.ActiveCfg = Release|Any CPU
		{D4942C48-D08E-4CAD-8255-329DB9028EA3}.Release|Any CPU.Build.0 = Release|Any CPU
		{C4E668D3-BF19-495F-B457-B28276F1D045}.Debug|Any CPU.ActiveCfg = Debug|Any CPU
		{C4E668D3-BF19-495F-B457-B28276F1D045}.Debug|Any CPU.Build.0 = Debug|Any CPU
		{C4E668D3-BF19-495F-B457-B28276F1D045}.Release|Any CPU.ActiveCfg = Release|Any CPU
		{C4E668D3-BF19-495F-B457-B28276F1D045}.Release|Any CPU.Build.0 = Release|Any CPU
		{1C3F5E81-1074-4596-826A-C96E3C6DF11A}.Debug|Any CPU.ActiveCfg = Debug|Any CPU
		{1C3F5E81-1074-4596-826A-C96E3C6DF11A}.Debug|Any CPU.Build.0 = Debug|Any CPU
		{1C3F5E81-1074-4596-826A-C96E3C6DF11A}.Release|Any CPU.ActiveCfg = Release|Any CPU
		{1C3F5E81-1074-4596-826A-C96E3C6DF11A}.Release|Any CPU.Build.0 = Release|Any CPU
		{2F7D87D5-E3A8-4B50-9166-B50F9B322E37}.Debug|Any CPU.ActiveCfg = Debug|Any CPU
		{2F7D87D5-E3A8-4B50-9166-B50F9B322E37}.Debug|Any CPU.Build.0 = Debug|Any CPU
		{2F7D87D5-E3A8-4B50-9166-B50F9B322E37}.Release|Any CPU.ActiveCfg = Release|Any CPU
		{2F7D87D5-E3A8-4B50-9166-B50F9B322E37}.Release|Any CPU.Build.0 = Release|Any CPU
		{7288C794-618E-4B21-9356-5935630A684F}.Debug|Any CPU.ActiveCfg = Debug|Any CPU
		{7288C794-618E-4B21-9356-5935630A684F}.Debug|Any CPU.Build.0 = Debug|Any CPU
		{7288C794-618E-4B21-9356-5935630A684F}.Release|Any CPU.ActiveCfg = Release|Any CPU
		{7288C794-618E-4B21-9356-5935630A684F}.Release|Any CPU.Build.0 = Release|Any CPU
		{2A0243C0-90B2-48EB-A3F8-E7BE5411CE40}.Debug|Any CPU.ActiveCfg = Debug|Any CPU
		{2A0243C0-90B2-48EB-A3F8-E7BE5411CE40}.Debug|Any CPU.Build.0 = Debug|Any CPU
		{2A0243C0-90B2-48EB-A3F8-E7BE5411CE40}.Release|Any CPU.ActiveCfg = Release|Any CPU
		{2A0243C0-90B2-48EB-A3F8-E7BE5411CE40}.Release|Any CPU.Build.0 = Release|Any CPU
		{84576442-4E70-4930-AFF6-D9B05C7169EB}.Debug|Any CPU.ActiveCfg = Debug|Any CPU
		{84576442-4E70-4930-AFF6-D9B05C7169EB}.Debug|Any CPU.Build.0 = Debug|Any CPU
		{84576442-4E70-4930-AFF6-D9B05C7169EB}.Release|Any CPU.ActiveCfg = Release|Any CPU
		{84576442-4E70-4930-AFF6-D9B05C7169EB}.Release|Any CPU.Build.0 = Release|Any CPU
		{7EF44322-96AD-4E93-96BD-858C40F76B2F}.Debug|Any CPU.ActiveCfg = Debug|Any CPU
		{7EF44322-96AD-4E93-96BD-858C40F76B2F}.Debug|Any CPU.Build.0 = Debug|Any CPU
		{7EF44322-96AD-4E93-96BD-858C40F76B2F}.Release|Any CPU.ActiveCfg = Release|Any CPU
		{7EF44322-96AD-4E93-96BD-858C40F76B2F}.Release|Any CPU.Build.0 = Release|Any CPU
		{1D94203A-FB75-4588-8751-D960B673094A}.Debug|Any CPU.ActiveCfg = Debug|Any CPU
		{1D94203A-FB75-4588-8751-D960B673094A}.Debug|Any CPU.Build.0 = Debug|Any CPU
		{1D94203A-FB75-4588-8751-D960B673094A}.Release|Any CPU.ActiveCfg = Release|Any CPU
		{1D94203A-FB75-4588-8751-D960B673094A}.Release|Any CPU.Build.0 = Release|Any CPU
		{84CD9CC2-45E8-4DA4-8996-2E2FE14F7449}.Debug|Any CPU.ActiveCfg = Debug|Any CPU
		{84CD9CC2-45E8-4DA4-8996-2E2FE14F7449}.Debug|Any CPU.Build.0 = Debug|Any CPU
		{84CD9CC2-45E8-4DA4-8996-2E2FE14F7449}.Release|Any CPU.ActiveCfg = Release|Any CPU
		{84CD9CC2-45E8-4DA4-8996-2E2FE14F7449}.Release|Any CPU.Build.0 = Release|Any CPU
		{887C14BE-D878-4AC3-B8E8-679BD90F367D}.Debug|Any CPU.ActiveCfg = Debug|Any CPU
		{887C14BE-D878-4AC3-B8E8-679BD90F367D}.Debug|Any CPU.Build.0 = Debug|Any CPU
		{887C14BE-D878-4AC3-B8E8-679BD90F367D}.Release|Any CPU.ActiveCfg = Release|Any CPU
		{887C14BE-D878-4AC3-B8E8-679BD90F367D}.Release|Any CPU.Build.0 = Release|Any CPU
	EndGlobalSection
	GlobalSection(NestedProjects) = preSolution
		{35866F6C-51DB-44AC-B20C-7690DFF46CE9} = {DB3FC42C-3AB8-4B36-8C01-B16C264F1278}
		{E8A51B00-A325-4623-A557-CF8CE11E6D00} = {A93B4461-DB5B-46C7-ACE0-76B234D58E2D}
		{788F390C-C0E1-4FC1-926E-187B52E09A88} = {DB3FC42C-3AB8-4B36-8C01-B16C264F1278}
		{D4942C48-D08E-4CAD-8255-329DB9028EA3} = {DB3FC42C-3AB8-4B36-8C01-B16C264F1278}
		{C4E668D3-BF19-495F-B457-B28276F1D045} = {DB3FC42C-3AB8-4B36-8C01-B16C264F1278}
		{1C3F5E81-1074-4596-826A-C96E3C6DF11A} = {DB3FC42C-3AB8-4B36-8C01-B16C264F1278}
		{CB731C52-81E2-4F13-AB76-E866668DE163} = {EE84CAAE-5493-4F54-83CE-3D92FD0C3961}
		{FCAEF769-2535-4AC7-910A-3B5A0D94B0C7} = {CB731C52-81E2-4F13-AB76-E866668DE163}
		{AD786C0A-CDE6-4F23-BC6B-38AD4D920BEF} = {E7557D15-D189-45A7-A401-4EAC25BA6A49}
		{2F7D87D5-E3A8-4B50-9166-B50F9B322E37} = {AD786C0A-CDE6-4F23-BC6B-38AD4D920BEF}
		{F39931D5-FD63-447A-9267-1C38F6F4F8CA} = {E7557D15-D189-45A7-A401-4EAC25BA6A49}
		{7288C794-618E-4B21-9356-5935630A684F} = {F39931D5-FD63-447A-9267-1C38F6F4F8CA}
		{2A0243C0-90B2-48EB-A3F8-E7BE5411CE40} = {E7557D15-D189-45A7-A401-4EAC25BA6A49}
		{84576442-4E70-4930-AFF6-D9B05C7169EB} = {AD786C0A-CDE6-4F23-BC6B-38AD4D920BEF}
		{7EF44322-96AD-4E93-96BD-858C40F76B2F} = {AD786C0A-CDE6-4F23-BC6B-38AD4D920BEF}
		{886CB722-C738-4E62-A495-12944E4F0FC7} = {5084CD3D-24CD-4A60-AAB1-6FEF964F4026}
		{3F5EA886-2648-421B-8556-6E5D38E3D562} = {5084CD3D-24CD-4A60-AAB1-6FEF964F4026}
		{1D94203A-FB75-4588-8751-D960B673094A} = {3F5EA886-2648-421B-8556-6E5D38E3D562}
		{84CD9CC2-45E8-4DA4-8996-2E2FE14F7449} = {886CB722-C738-4E62-A495-12944E4F0FC7}
		{887C14BE-D878-4AC3-B8E8-679BD90F367D} = {F39931D5-FD63-447A-9267-1C38F6F4F8CA}
	EndGlobalSection
EndGlobal
